Microsoft Visual Studio Solution File, Format Version 12.00
# Visual Studio Version 17
VisualStudioVersion = 17.5.2.0
MinimumVisualStudioVersion = 10.0.40219.1
Project("{FAE04EC0-301F-11D3-BF4B-00C04F79EFBC}") = "PostgresDataAccess", "PostgresDataAccess\PostgresDataAccess.csproj", "{D92608EA-C4F1-F574-2306-6B2FCBBEB95E}"
EndProject
Project("{FAE04EC0-301F-11D3-BF4B-00C04F79EFBC}") = "PostgresDataAccess.Tests", "PostgresDataAccess.Tests\PostgresDataAccess.Tests.csproj", "{8BD1FF16-9BAB-8245-76B5-FDAFC5641F23}"
EndProject
Global
	GlobalSection(SolutionConfigurationPlatforms) = preSolution
		Debug|Any CPU = Debug|Any CPU
		Release|Any CPU = Release|Any CPU
	EndGlobalSection
	GlobalSection(ProjectConfigurationPlatforms) = postSolution
		{D92608EA-C4F1-F574-2306-6B2FCBBEB95E}.Debug|Any CPU.ActiveCfg = Debug|Any CPU
		{D92608EA-C4F1-F574-2306-6B2FCBBEB95E}.Debug|Any CPU.Build.0 = Debug|Any CPU
		{D92608EA-C4F1-F574-2306-6B2FCBBEB95E}.Release|Any CPU.ActiveCfg = Release|Any CPU
		{D92608EA-C4F1-F574-2306-6B2FCBBEB95E}.Release|Any CPU.Build.0 = Release|Any CPU
		{8BD1FF16-9BAB-8245-76B5-FDAFC5641F23}.Debug|Any CPU.ActiveCfg = Debug|Any CPU
		{8BD1FF16-9BAB-8245-76B5-FDAFC5641F23}.Debug|Any CPU.Build.0 = Debug|Any CPU
		{8BD1FF16-9BAB-8245-76B5-FDAFC5641F23}.Release|Any CPU.ActiveCfg = Release|Any CPU
		{8BD1FF16-9BAB-8245-76B5-FDAFC5641F23}.Release|Any CPU.Build.0 = Release|Any CPU
	EndGlobalSection
	GlobalSection(SolutionProperties) = preSolution
		HideSolutionNode = FALSE
	EndGlobalSection
	GlobalSection(ExtensibilityGlobals) = postSolution
		SolutionGuid = {3A974588-5E45-40E9-BAE5-E441F58E717D}
	EndGlobalSection
EndGlobal
